
Microsoft Visual Studio Solution File, Format Version 12.00
# Visual Studio Version 17
VisualStudioVersion = 17.7.34009.444
MinimumVisualStudioVersion = 10.0.40219.1
Project("{FAE04EC0-301F-11D3-BF4B-00C04F79EFBC}") = "Sakktábla", "Sakktábla\Sakktábla.csproj", "{737707B1-064B-4DD4-BE04-8137C92D461E}"
EndProject
Global
	GlobalSection(SolutionConfigurationPlatforms) = preSolution
		Debug|Any CPU = Debug|Any CPU
		Release|Any CPU = Release|Any CPU
	EndGlobalSection
	GlobalSection(ProjectConfigurationPlatforms) = postSolution
		{737707B1-064B-4DD4-BE04-8137C92D461E}.Debug|Any CPU.ActiveCfg = Debug|Any CPU
		{737707B1-064B-4DD4-BE04-8137C92D461E}.Debug|Any CPU.Build.0 = Debug|Any CPU
		{737707B1-064B-4DD4-BE04-8137C92D461E}.Release|Any CPU.ActiveCfg = Release|Any CPU
		{737707B1-064B-4DD4-BE04-8137C92D461E}.Release|Any CPU.Build.0 = Release|Any CPU
	EndGlobalSection
	GlobalSection(SolutionProperties) = preSolution
		HideSolutionNode = FALSE
	EndGlobalSection
	GlobalSection(ExtensibilityGlobals) = postSolution
		SolutionGuid = {F6168257-8D9B-49DE-BBD5-2FED6E3C238D}
	EndGlobalSection
EndGlobal
