
Microsoft Visual Studio Solution File, Format Version 12.00
# Visual Studio Version 17
VisualStudioVersion = 17.7.34009.444
MinimumVisualStudioVersion = 10.0.40219.1
Project("{FAE04EC0-301F-11D3-BF4B-00C04F79EFBC}") = "Kamatszamitas3", "Kamatszamitas3\Kamatszamitas3.csproj", "{DBA661FB-E661-45D0-AC8C-465BB33128EC}"
EndProject
Global
	GlobalSection(SolutionConfigurationPlatforms) = preSolution
		Debug|Any CPU = Debug|Any CPU
		Release|Any CPU = Release|Any CPU
	EndGlobalSection
	GlobalSection(ProjectConfigurationPlatforms) = postSolution
		{DBA661FB-E661-45D0-AC8C-465BB33128EC}.Debug|Any CPU.ActiveCfg = Debug|Any CPU
		{DBA661FB-E661-45D0-AC8C-465BB33128EC}.Debug|Any CPU.Build.0 = Debug|Any CPU
		{DBA661FB-E661-45D0-AC8C-465BB33128EC}.Release|Any CPU.ActiveCfg = Release|Any CPU
		{DBA661FB-E661-45D0-AC8C-465BB33128EC}.Release|Any CPU.Build.0 = Release|Any CPU
	EndGlobalSection
	GlobalSection(SolutionProperties) = preSolution
		HideSolutionNode = FALSE
	EndGlobalSection
	GlobalSection(ExtensibilityGlobals) = postSolution
		SolutionGuid = {DF19152E-4FEA-448A-9BC8-3425B0E919A4}
	EndGlobalSection
EndGlobal
